# THIS IS AN AUTOGENERATED FILE. DO NOT EDIT THIS FILE DIRECTLY.
# yarn lockfile v1


react-hook-form@^7.43.9:
  version "7.43.9"
  resolved "https://registry.yarnpkg.com/react-hook-form/-/react-hook-form-7.43.9.tgz#84b56ac2f38f8e946c6032ccb760e13a1037c66d"
  integrity sha512-AUDN3Pz2NSeoxQ7Hs6OhQhDr6gtF9YRuutGDwPQqhSUAHJSgGl2VeY3qN19MG0SucpjgDiuMJ4iC5T5uB+eaNQ==
